
Microsoft Visual Studio Solution File, Format Version 12.00
# Visual Studio Version 17
VisualStudioVersion = 17.7.34031.279
MinimumVisualStudioVersion = 10.0.40219.1
Project("{8BC9CEB8-8B4A-11D0-8D11-00A0C91BC942}") = "Lab 8.1 rec C", "Lab 8.1 rec C\Lab 8.1 rec C.vcxproj", "{13621581-9D44-4642-8089-71D2C49847E4}"
EndProject
Project("{8BC9CEB8-8B4A-11D0-8D11-00A0C91BC942}") = "UnitTest1", "UnitTest1\UnitTest1.vcxproj", "{994D4B12-94F8-4E7E-BD6C-85D6F9230BE7}"
EndProject
Global
	GlobalSection(SolutionConfigurationPlatforms) = preSolution
		Debug|x64 = Debug|x64
		Debug|x86 = Debug|x86
		Release|x64 = Release|x64
		Release|x86 = Release|x86
	EndGlobalSection
	GlobalSection(ProjectConfigurationPlatforms) = postSolution
		{13621581-9D44-4642-8089-71D2C49847E4}.Debug|x64.ActiveCfg = Debug|x64
		{13621581-9D44-4642-8089-71D2C49847E4}.Debug|x64.Build.0 = Debug|x64
		{13621581-9D44-4642-8089-71D2C49847E4}.Debug|x86.ActiveCfg = Debug|Win32
		{13621581-9D44-4642-8089-71D2C49847E4}.Debug|x86.Build.0 = Debug|Win32
		{13621581-9D44-4642-8089-71D2C49847E4}.Release|x64.ActiveCfg = Release|x64
		{13621581-9D44-4642-8089-71D2C49847E4}.Release|x64.Build.0 = Release|x64
		{13621581-9D44-4642-8089-71D2C49847E4}.Release|x86.ActiveCfg = Release|Win32
		{13621581-9D44-4642-8089-71D2C49847E4}.Release|x86.Build.0 = Release|Win32
		{994D4B12-94F8-4E7E-BD6C-85D6F9230BE7}.Debug|x64.ActiveCfg = Debug|x64
		{994D4B12-94F8-4E7E-BD6C-85D6F9230BE7}.Debug|x64.Build.0 = Debug|x64
		{994D4B12-94F8-4E7E-BD6C-85D6F9230BE7}.Debug|x86.ActiveCfg = Debug|Win32
		{994D4B12-94F8-4E7E-BD6C-85D6F9230BE7}.Debug|x86.Build.0 = Debug|Win32
		{994D4B12-94F8-4E7E-BD6C-85D6F9230BE7}.Release|x64.ActiveCfg = Release|x64
		{994D4B12-94F8-4E7E-BD6C-85D6F9230BE7}.Release|x64.Build.0 = Release|x64
		{994D4B12-94F8-4E7E-BD6C-85D6F9230BE7}.Release|x86.ActiveCfg = Release|Win32
		{994D4B12-94F8-4E7E-BD6C-85D6F9230BE7}.Release|x86.Build.0 = Release|Win32
	EndGlobalSection
	GlobalSection(SolutionProperties) = preSolution
		HideSolutionNode = FALSE
	EndGlobalSection
	GlobalSection(ExtensibilityGlobals) = postSolution
		SolutionGuid = {AD01C7B8-9CF5-4010-AF98-8F42FA94DDAA}
	EndGlobalSection
EndGlobal
